
Microsoft Visual Studio Solution File, Format Version 10.00
# Visual Studio 2008
Project("{F184B08F-C81C-45F6-A57F-5ABD9991F28F}") = "Expertis.Business.Negocio", "Expertis.Business.Negocio.vbproj", "{05382C31-ADB6-42C1-9F9C-85049D93571D}"
EndProject
Global
	GlobalSection(TeamFoundationVersionControl) = preSolution
		SccNumberOfProjects = 1
		SccEnterpriseProvider = {4CA58AB2-18FA-4F8D-95D4-32DDF27D184C}
		SccTeamFoundationServer = http://tfs:8080/tfs/solmicro
		SccProjectUniqueName0 = Expertis.Business.Negocio.vbproj
		SccProjectName0 = .
		SccAuxPath0 = http://tfs:8080/tfs/solmicro
		SccLocalPath0 = .
		SccProvider0 = {4CA58AB2-18FA-4F8D-95D4-32DDF27D184C}
	EndGlobalSection
	GlobalSection(SolutionConfigurationPlatforms) = preSolution
		Debug|Any CPU = Debug|Any CPU
		Release|Any CPU = Release|Any CPU
	EndGlobalSection
	GlobalSection(ProjectConfigurationPlatforms) = postSolution
		{05382C31-ADB6-42C1-9F9C-85049D93571D}.Debug|Any CPU.ActiveCfg = Debug|Any CPU
		{05382C31-ADB6-42C1-9F9C-85049D93571D}.Debug|Any CPU.Build.0 = Debug|Any CPU
		{05382C31-ADB6-42C1-9F9C-85049D93571D}.Release|Any CPU.ActiveCfg = Release|Any CPU
		{05382C31-ADB6-42C1-9F9C-85049D93571D}.Release|Any CPU.Build.0 = Release|Any CPU
	EndGlobalSection
	GlobalSection(SolutionProperties) = preSolution
		HideSolutionNode = FALSE
	EndGlobalSection
EndGlobal
